# This file is automatically @generated by Cargo.
# It is not intended for manual editing.
version = 4

[[package]]
name = "libc"
version = "0.2.4"
source = "registry+https://github.com/rust-lang/crates.io-index"
checksum = "10569e57695cc2c91ca4214357907649c9e242dc822c9ae623d0e0b0d68aa4d9"

[[package]]
name = "rainfuck"
version = "0.0.2"
dependencies = [
 "libc",
]
